
Microsoft Visual Studio Solution File, Format Version 12.00
# Visual Studio Version 17
VisualStudioVersion = 17.11.35327.3
MinimumVisualStudioVersion = 10.0.40219.1
Project("{9A19103F-16F7-4668-BE54-9A1E7A4F7556}") = "FreelancePlatform.Core", "FreelancePlatform.Core\FreelancePlatform.Core.csproj", "{D4AB49F5-D852-4460-9370-23B23D09B762}"
EndProject
Project("{9A19103F-16F7-4668-BE54-9A1E7A4F7556}") = "FreelancePlatform.DataAccess", "FreelancePlatform.DataAccess\FreelancePlatform.DataAccess.csproj", "{5643486C-503D-44B7-8594-F63AE84E86DF}"
EndProject
Project("{9A19103F-16F7-4668-BE54-9A1E7A4F7556}") = "FreelancePlatform.Services", "FreelancePlatform.Services\FreelancePlatform.Services.csproj", "{10DE4D77-6ECF-4A76-82B0-303928D9E194}"
EndProject
Project("{9A19103F-16F7-4668-BE54-9A1E7A4F7556}") = "FreelancePlatform.WebAPI", "FreelancePlatform.WebAPI\FreelancePlatform.WebAPI.csproj", "{3278E2BA-0E9A-4256-9D61-4DA00C846095}"
EndProject
Project("{FAE04EC0-301F-11D3-BF4B-00C04F79EFBC}") = "FreelancePlatform.WebUI", "FreelancePlatform.WebUI\FreelancePlatform.WebUI.csproj", "{70FDABFB-8862-4584-A8DD-B75CD6F0B5CC}"
EndProject
Global
	GlobalSection(SolutionConfigurationPlatforms) = preSolution
		Debug|Any CPU = Debug|Any CPU
		Release|Any CPU = Release|Any CPU
	EndGlobalSection
	GlobalSection(ProjectConfigurationPlatforms) = postSolution
		{D4AB49F5-D852-4460-9370-23B23D09B762}.Debug|Any CPU.ActiveCfg = Debug|Any CPU
		{D4AB49F5-D852-4460-9370-23B23D09B762}.Debug|Any CPU.Build.0 = Debug|Any CPU
		{D4AB49F5-D852-4460-9370-23B23D09B762}.Release|Any CPU.ActiveCfg = Release|Any CPU
		{D4AB49F5-D852-4460-9370-23B23D09B762}.Release|Any CPU.Build.0 = Release|Any CPU
		{5643486C-503D-44B7-8594-F63AE84E86DF}.Debug|Any CPU.ActiveCfg = Debug|Any CPU
		{5643486C-503D-44B7-8594-F63AE84E86DF}.Debug|Any CPU.Build.0 = Debug|Any CPU
		{5643486C-503D-44B7-8594-F63AE84E86DF}.Release|Any CPU.ActiveCfg = Release|Any CPU
		{5643486C-503D-44B7-8594-F63AE84E86DF}.Release|Any CPU.Build.0 = Release|Any CPU
		{10DE4D77-6ECF-4A76-82B0-303928D9E194}.Debug|Any CPU.ActiveCfg = Debug|Any CPU
		{10DE4D77-6ECF-4A76-82B0-303928D9E194}.Debug|Any CPU.Build.0 = Debug|Any CPU
		{10DE4D77-6ECF-4A76-82B0-303928D9E194}.Release|Any CPU.ActiveCfg = Release|Any CPU
		{10DE4D77-6ECF-4A76-82B0-303928D9E194}.Release|Any CPU.Build.0 = Release|Any CPU
		{3278E2BA-0E9A-4256-9D61-4DA00C846095}.Debug|Any CPU.ActiveCfg = Debug|Any CPU
		{3278E2BA-0E9A-4256-9D61-4DA00C846095}.Debug|Any CPU.Build.0 = Debug|Any CPU
		{3278E2BA-0E9A-4256-9D61-4DA00C846095}.Release|Any CPU.ActiveCfg = Release|Any CPU
		{3278E2BA-0E9A-4256-9D61-4DA00C846095}.Release|Any CPU.Build.0 = Release|Any CPU
		{70FDABFB-8862-4584-A8DD-B75CD6F0B5CC}.Debug|Any CPU.ActiveCfg = Debug|Any CPU
		{70FDABFB-8862-4584-A8DD-B75CD6F0B5CC}.Debug|Any CPU.Build.0 = Debug|Any CPU
		{70FDABFB-8862-4584-A8DD-B75CD6F0B5CC}.Release|Any CPU.ActiveCfg = Release|Any CPU
		{70FDABFB-8862-4584-A8DD-B75CD6F0B5CC}.Release|Any CPU.Build.0 = Release|Any CPU
	EndGlobalSection
	GlobalSection(SolutionProperties) = preSolution
		HideSolutionNode = FALSE
	EndGlobalSection
	GlobalSection(ExtensibilityGlobals) = postSolution
		SolutionGuid = {7E4A8295-13BA-4101-8FE9-2EE0E7E1897F}
	EndGlobalSection
EndGlobal
